
Microsoft Visual Studio Solution File, Format Version 12.00
# Visual Studio Version 17
VisualStudioVersion = 17.7.34031.279
MinimumVisualStudioVersion = 10.0.40219.1
Project("{FAE04EC0-301F-11D3-BF4B-00C04F79EFBC}") = "14-Project1", "14-Project1.csproj", "{9405A229-1EDA-463C-A777-EBB6A70590D1}"
EndProject
Global
	GlobalSection(SolutionConfigurationPlatforms) = preSolution
		Debug|Any CPU = Debug|Any CPU
		Release|Any CPU = Release|Any CPU
	EndGlobalSection
	GlobalSection(ProjectConfigurationPlatforms) = postSolution
		{9405A229-1EDA-463C-A777-EBB6A70590D1}.Debug|Any CPU.ActiveCfg = Debug|Any CPU
		{9405A229-1EDA-463C-A777-EBB6A70590D1}.Debug|Any CPU.Build.0 = Debug|Any CPU
		{9405A229-1EDA-463C-A777-EBB6A70590D1}.Release|Any CPU.ActiveCfg = Release|Any CPU
		{9405A229-1EDA-463C-A777-EBB6A70590D1}.Release|Any CPU.Build.0 = Release|Any CPU
	EndGlobalSection
	GlobalSection(SolutionProperties) = preSolution
		HideSolutionNode = FALSE
	EndGlobalSection
	GlobalSection(ExtensibilityGlobals) = postSolution
		SolutionGuid = {E097D34E-E302-45D2-A89F-CB50D7CD41C9}
	EndGlobalSection
EndGlobal
